
Microsoft Visual Studio Solution File, Format Version 12.00
# Visual Studio Version 16
VisualStudioVersion = 16.0.32126.315
MinimumVisualStudioVersion = 10.0.40219.1
Project("{FAE04EC0-301F-11D3-BF4B-00C04F79EFBC}") = "GestPersoMail", "GestPersoMail.csproj", "{C77DC919-6EE2-40FB-AD1E-3A1DCAB88EB4}"
EndProject
Global
	GlobalSection(SolutionConfigurationPlatforms) = preSolution
		Debug|Any CPU = Debug|Any CPU
		Release|Any CPU = Release|Any CPU
	EndGlobalSection
	GlobalSection(ProjectConfigurationPlatforms) = postSolution
		{C77DC919-6EE2-40FB-AD1E-3A1DCAB88EB4}.Debug|Any CPU.ActiveCfg = Debug|Any CPU
		{C77DC919-6EE2-40FB-AD1E-3A1DCAB88EB4}.Debug|Any CPU.Build.0 = Debug|Any CPU
		{C77DC919-6EE2-40FB-AD1E-3A1DCAB88EB4}.Release|Any CPU.ActiveCfg = Release|Any CPU
		{C77DC919-6EE2-40FB-AD1E-3A1DCAB88EB4}.Release|Any CPU.Build.0 = Release|Any CPU
	EndGlobalSection
	GlobalSection(SolutionProperties) = preSolution
		HideSolutionNode = FALSE
	EndGlobalSection
	GlobalSection(ExtensibilityGlobals) = postSolution
		SolutionGuid = {7AD17CB8-C422-4AA5-AB87-3C8C515E00CB}
	EndGlobalSection
EndGlobal
